
Microsoft Visual Studio Solution File, Format Version 12.00
# Visual Studio Version 16
VisualStudioVersion = 16.0.33927.289
MinimumVisualStudioVersion = 10.0.40219.1
Project("{FAE04EC0-301F-11D3-BF4B-00C04F79EFBC}") = "YYC-Audio", "YYC-Audio.csproj", "{E40C98E1-644C-429B-BAAD-9A834CB62FF1}"
EndProject
Global
	GlobalSection(SolutionConfigurationPlatforms) = preSolution
		Debug|Any CPU = Debug|Any CPU
		Release|Any CPU = Release|Any CPU
	EndGlobalSection
	GlobalSection(ProjectConfigurationPlatforms) = postSolution
		{E40C98E1-644C-429B-BAAD-9A834CB62FF1}.Debug|Any CPU.ActiveCfg = Debug|Any CPU
		{E40C98E1-644C-429B-BAAD-9A834CB62FF1}.Debug|Any CPU.Build.0 = Debug|Any CPU
		{E40C98E1-644C-429B-BAAD-9A834CB62FF1}.Release|Any CPU.ActiveCfg = Release|Any CPU
		{E40C98E1-644C-429B-BAAD-9A834CB62FF1}.Release|Any CPU.Build.0 = Release|Any CPU
	EndGlobalSection
	GlobalSection(SolutionProperties) = preSolution
		HideSolutionNode = FALSE
	EndGlobalSection
	GlobalSection(ExtensibilityGlobals) = postSolution
		SolutionGuid = {E1E67883-9CC2-441E-ACBC-B92F3C01900C}
	EndGlobalSection
EndGlobal
